// !$*UTF8*$!
{
	archiveVersion = 1;
	classes = {
	};
	objectVersion = 50;
	objects = {

/* Begin PBXBuildFile section */
		D72D05BA24C3723B00A8B3D6 /* AppDelegate.swift in Sources */ = {isa = PBXBuildFile; fileRef = D72D05B924C3723B00A8B3D6 /* AppDelegate.swift */; };
		D72D05BC24C3723B00A8B3D6 /* SceneDelegate.swift in Sources */ = {isa = PBXBuildFile; fileRef = D72D05BB24C3723B00A8B3D6 /* SceneDelegate.swift */; };
		D72D05BE24C3723B00A8B3D6 /* ViewController.swift in Sources */ = {isa = PBXBuildFile; fileRef = D72D05BD24C3723B00A8B3D6 /* ViewController.swift */; };
		D72D05C124C3723B00A8B3D6 /* Main.storyboard in Resources */ = {isa = PBXBuildFile; fileRef = D72D05BF24C3723B00A8B3D6 /* Main.storyboard */; };
		D72D05C324C3723C00A8B3D6 /* Assets.xcassets in Resources */ = {isa = PBXBuildFile; fileRef = D72D05C224C3723C00A8B3D6 /* Assets.xcassets */; };
		D72D05C624C3723C00A8B3D6 /* LaunchScreen.storyboard in Resources */ = {isa = PBXBuildFile; fileRef = D72D05C424C3723C00A8B3D6 /* LaunchScreen.storyboard */; };
/* End PBXBuildFile section */

/* Begin PBXFileReference section */
		D72D05B624C3723B00A8B3D6 /* RECIPE-APP.app */ = {isa = PBXFileReference; explicitFileType = wrapper.application; includeInIndex = 0; path = "RECIPE-APP.app"; sourceTree = BUILT_PRODUCTS_DIR; };
		D72D05B924C3723B00A8B3D6 /* AppDelegate.swift */ = {isa = PBXFileReference; lastKnownFileType = sourcecode.swift; path = AppDelegate.swift; sourceTree = "<group>"; };
		D72D05BB24C3723B00A8B3D6 /* SceneDelegate.swift */ = {isa = PBXFileReference; lastKnownFileType = sourcecode.swift; path = SceneDelegate.swift; sourceTree = "<group>"; };
		D72D05BD24C3723B00A8B3D6 /* ViewController.swift */ = {isa = PBXFileReference; lastKnownFileType = sourcecode.swift; path = ViewController.swift; sourceTree = "<group>"; };
		D72D05C024C3723B00A8B3D6 /* Base */ = {isa = PBXFileReference; lastKnownFileType = file.storyboard; name = Base; path = Base.lproj/Main.storyboard; sourceTree = "<group>"; };
		D72D05C224C3723C00A8B3D6 /* Assets.xcassets */ = {isa = PBXFileReference; lastKnownFileType = folder.assetcatalog; path = Assets.xcassets; sourceTree = "<group>"; };
		D72D05C524C3723C00A8B3D6 /* Base */ = {isa = PBXFileReference; lastKnownFileType = file.storyboard; name = Base; path = Base.lproj/LaunchScreen.storyboard; sourceTree = "<group>"; };
		D72D05C724C3723C00A8B3D6 /* Info.plist */ = {isa = PBXFileReference; lastKnownFileType = text.plist.xml; path = Info.plist; sourceTree = "<group>"; };
/* End PBXFileReference section */

/* Begin PBXFrameworksBuildPhase section */
		D72D05B324C3723B00A8B3D6 /* Frameworks */ = {
			isa = PBXFrameworksBuildPhase;
			buildActionMask = 2147483647;
			files = (
			);
			runOnlyForDeploymentPostprocessing = 0;
		};
/* End PBXFrameworksBuildPhase section */

/* Begin PBXGroup section */
		D72D05AD24C3723B00A8B3D6 = {
			isa = PBXGroup;
			children = (
				D72D05B824C3723B00A8B3D6 /* RECIPE-APP */,
				D72D05B724C3723B00A8B3D6 /* Products */,
			);
			sourceTree = "<group>";
		};
		D72D05B724C3723B00A8B3D6 /* Products */ = {
			isa = PBXGroup;
			children = (
				D72D05B624C3723B00A8B3D6 /* RECIPE-APP.app */,
			);
			name = Products;
			sourceTree = "<group>";
		};
		D72D05B824C3723B00A8B3D6 /* RECIPE-APP */ = {
			isa = PBXGroup;
			children = (
				D72D05B924C3723B00A8B3D6 /* AppDelegate.swift */,
				D72D05BB24C3723B00A8B3D6 /* SceneDelegate.swift */,
				D72D05BD24C3723B00A8B3D6 /* ViewController.swift */,
				D72D05BF24C3723B00A8B3D6 /* Main.storyboard */,
				D72D05C224C3723C00A8B3D6 /* Assets.xcassets */,
				D72D05C424C3723C00A8B3D6 /* LaunchScreen.storyboard */,
				D72D05C724C3723C00A8B3D6 /* Info.plist */,
			);
			path = "RECIPE-APP";
			sourceTree = "<group>";
		};
/* End PBXGroup section */

/* Begin PBXNativeTarget section */
		D72D05B524C3723B00A8B3D6 /* RECIPE-APP */ = {
			isa = PBXNativeTarget;
			buildConfigurationList = D72D05CA24C3723C00A8B3D6 /* Build configuration list for PBXNativeTarget "RECIPE-APP" */;
			buildPhases = (
				D72D05B224C3723B00A8B3D6 /* Sources */,
				D72D05B324C3723B00A8B3D6 /* Frameworks */,
				D72D05B424C3723B00A8B3D6 /* Resources */,
			);
			buildRules = (
			);
			dependencies = (
			);
			name = "RECIPE-APP";
			productName = "RECIPE-APP";
			productReference = D72D05B624C3723B00A8B3D6 /* RECIPE-APP.app */;
			productType = "com.apple.product-type.application";
		};
/* End PBXNativeTarget section */

/* Begin PBXProject section */
		D72D05AE24C3723B00A8B3D6 /* Project object */ = {
			isa = PBXProject;
			attributes = {
				LastSwiftUpdateCheck = 1130;
				LastUpgradeCheck = 1130;
				ORGANIZATIONNAME = "Harjot Singh";
				TargetAttributes = {
					D72D05B524C3723B00A8B3D6 = {
						CreatedOnToolsVersion = 11.3.1;
					};
				};
			};
			buildConfigurationList = D72D05B124C3723B00A8B3D6 /* Build configuration list for PBXProject "RECIPE-APP" */;
			compatibilityVersion = "Xcode 9.3";
			developmentRegion = en;
			hasScannedForEncodings = 0;
			knownRegions = (
				en,
				Base,
			);
			mainGroup = D72D05AD24C3723B00A8B3D6;
			productRefGroup = D72D05B724C3723B00A8B3D6 /* Products */;
			projectDirPath = "";
			projectRoot = "";
			targets = (
				D72D05B524C3723B00A8B3D6 /* RECIPE-APP */,
			);
		};
/* End PBXProject section */

/* Begin PBXResourcesBuildPhase section */
		D72D05B424C3723B00A8B3D6 /* Resources */ = {
			isa = PBXResourcesBuildPhase;
			buildActionMask = 2147483647;
			files = (
				D72D05C624C3723C00A8B3D6 /* LaunchScreen.storyboard in Resources */,
				D72D05C324C3723C00A8B3D6 /* Assets.xcassets in Resources */,
				D72D05C124C3723B00A8B3D6 /* Main.storyboard in Resources */,
			);
			runOnlyForDeploymentPostprocessing = 0;
		};
/* End PBXResourcesBuildPhase section */

/* Begin PBXSourcesBuildPhase section */
		D72D05B224C3723B00A8B3D6 /* Sources */ = {
			isa = PBXSourcesBuildPhase;
			buildActionMask = 2147483647;
			files = (
				D72D05BE24C3723B00A8B3D6 /* ViewController.swift in Sources */,
				D72D05BA24C3723B00A8B3D6 /* AppDelegate.swift in Sources */,
				D72D05BC24C3723B00A8B3D6 /* SceneDelegate.swift in Sources */,
			);
			runOnlyForDeploymentPostprocessing = 0;
		};
/* End PBXSourcesBuildPhase section */

/* Begin PBXVariantGroup section */
		D72D05BF24C3723B00A8B3D6 /* Main.storyboard */ = {
			isa = PBXVariantGroup;
			children = (
				D72D05C024C3723B00A8B3D6 /* Base */,
			);
			name = Main.storyboard;
			sourceTree = "<group>";
		};
		D72D05C424C3723C00A8B3D6 /* LaunchScreen.storyboard */ = {
			isa = PBXVariantGroup;
			children = (
				D72D05C524C3723C00A8B3D6 /* Base */,
			);
			name = LaunchScreen.storyboard;
			sourceTree = "<group>";
		};
/* End PBXVariantGroup section */

/* Begin XCBuildConfiguration section */
		D72D05C824C3723C00A8B3D6 /* Debug */ = {
			isa = XCBuildConfiguration;
			buildSettings = {
				ALWAYS_SEARCH_USER_PATHS = NO;
				CLANG_ANALYZER_NONNULL = YES;
				CLANG_ANALYZER_NUMBER_OBJECT_CONVERSION = YES_AGGRESSIVE;
				CLANG_CXX_LANGUAGE_STANDARD = "gnu++14";
				CLANG_CXX_LIBRARY = "libc++";
				CLANG_ENABLE_MODULES = YES;
				CLANG_ENABLE_OBJC_ARC = YES;
				CLANG_ENABLE_OBJC_WEAK = YES;
				CLANG_WARN_BLOCK_CAPTURE_AUTORELEASING = YES;
				CLANG_WARN_BOOL_CONVERSION = YES;
				CLANG_WARN_COMMA = YES;
				CLANG_WARN_CONSTANT_CONVERSION = YES;
				CLANG_WARN_DEPRECATED_OBJC_IMPLEMENTATIONS = YES;
				CLANG_WARN_DIRECT_OBJC_ISA_USAGE = YES_ERROR;
				CLANG_WARN_DOCUMENTATION_COMMENTS = YES;
				CLANG_WARN_EMPTY_BODY = YES;
				CLANG_WARN_ENUM_CONVERSION = YES;
				CLANG_WARN_INFINITE_RECURSION = YES;
				CLANG_WARN_INT_CONVERSION = YES;
				CLANG_WARN_NON_LITERAL_NULL_CONVERSION = YES;
				CLANG_WARN_OBJC_IMPLICIT_RETAIN_SELF = YES;
				CLANG_WARN_OBJC_LITERAL_CONVERSION = YES;
				CLANG_WARN_OBJC_ROOT_CLASS = YES_ERROR;
				CLANG_WARN_RANGE_LOOP_ANALYSIS = YES;
				CLANG_WARN_STRICT_PROTOTYPES = YES;
				CLANG_WARN_SUSPICIOUS_MOVE = YES;
				CLANG_WARN_UNGUARDED_AVAILABILITY = YES_AGGRESSIVE;
				CLANG_WARN_UNREACHABLE_CODE = YES;
				CLANG_WARN__DUPLICATE_METHOD_MATCH = YES;
				COPY_PHASE_STRIP = NO;
				DEBUG_INFORMATION_FORMAT = dwarf;
				ENABLE_STRICT_OBJC_MSGSEND = YES;
				ENABLE_TESTABILITY = YES;
				GCC_C_LANGUAGE_STANDARD = gnu11;
				GCC_DYNAMIC_NO_PIC = NO;
				GCC_NO_COMMON_BLOCKS = YES;
				GCC_OPTIMIZATION_LEVEL = 0;
				GCC_PREPROCESSOR_DEFINITIONS = (
					"DEBUG=1",
					"$(inherited)",
				);
				GCC_WARN_64_TO_32_BIT_CONVERSION = YES;
				GCC_WARN_ABOUT_RETURN_TYPE = YES_ERROR;
				GCC_WARN_UNDECLARED_SELECTOR = YES;
				GCC_WARN_UNINITIALIZED_AUTOS = YES_AGGRESSIVE;
				GCC_WARN_UNUSED_FUNCTION = YES;
				GCC_WARN_UNUSED_VARIABLE = YES;
				IPHONEOS_DEPLOYMENT_TARGET = 13.2;
				MTL_ENABLE_DEBUG_INFO = INCLUDE_SOURCE;
				MTL_FAST_MATH = YES;
				ONLY_ACTIVE_ARCH = YES;
				SDKROOT = iphoneos;
				SWIFT_ACTIVE_COMPILATION_CONDITIONS = DEBUG;
				SWIFT_OPTIMIZATION_LEVEL = "-Onone";
			};
			name = Debug;
		};
		D72D05C924C3723C00A8B3D6 /* Release */ = {
			isa = XCBuildConfiguration;
			buildSettings = {
				ALWAYS_SEARCH_USER_PATHS = NO;
				CLANG_ANALYZER_NONNULL = YES;
				CLANG_ANALYZER_NUMBER_OBJECT_CONVERSION = YES_AGGRESSIVE;
				CLANG_CXX_LANGUAGE_STANDARD = "gnu++14";
				CLANG_CXX_LIBRARY = "libc++";
				CLANG_ENABLE_MODULES = YES;
				CLANG_ENABLE_OBJC_ARC = YES;
				CLANG_ENABLE_OBJC_WEAK = YES;
				CLANG_WARN_BLOCK_CAPTURE_AUTORELEASING = YES;
				CLANG_WARN_BOOL_CONVERSION = YES;
				CLANG_WARN_COMMA = YES;
				CLANG_WARN_CONSTANT_CONVERSION = YES;
				CLANG_WARN_DEPRECATED_OBJC_IMPLEMENTATIONS = YES;
				CLANG_WARN_DIRECT_OBJC_ISA_USAGE = YES_ERROR;
				CLANG_WARN_DOCUMENTATION_COMMENTS = YES;
				CLANG_WARN_EMPTY_BODY = YES;
				CLANG_WARN_ENUM_CONVERSION = YES;
				CLANG_WARN_INFINITE_RECURSION = YES;
				CLANG_WARN_INT_CONVERSION = YES;
				CLANG_WARN_NON_LITERAL_NULL_CONVERSION = YES;
				CLANG_WARN_OBJC_IMPLICIT_RETAIN_SELF = YES;
				CLANG_WARN_OBJC_LITERAL_CONVERSION = YES;
				CLANG_WARN_OBJC_ROOT_CLASS = YES_ERROR;
				CLANG_WARN_RANGE_LOOP_ANALYSIS = YES;
				CLANG_WARN_STRICT_PROTOTYPES = YES;
				CLANG_WARN_SUSPICIOUS_MOVE = YES;
				CLANG_WARN_UNGUARDED_AVAILABILITY = YES_AGGRESSIVE;
				CLANG_WARN_UNREACHABLE_CODE = YES;
				CLANG_WARN__DUPLICATE_METHOD_MATCH = YES;
				COPY_PHASE_STRIP = NO;
				DEBUG_INFORMATION_FORMAT = "dwarf-with-dsym";
				ENABLE_NS_ASSERTIONS = NO;
				ENABLE_STRICT_OBJC_MSGSEND = YES;
				GCC_C_LANGUAGE_STANDARD = gnu11;
				GCC_NO_COMMON_BLOCKS = YES;
				GCC_WARN_64_TO_32_BIT_CONVERSION = YES;
				GCC_WARN_ABOUT_RETURN_TYPE = YES_ERROR;
				GCC_WARN_UNDECLARED_SELECTOR = YES;
				GCC_WARN_UNINITIALIZED_AUTOS = YES_AGGRESSIVE;
				GCC_WARN_UNUSED_FUNCTION = YES;
				GCC_WARN_UNUSED_VARIABLE = YES;
				IPHONEOS_DEPLOYMENT_TARGET = 13.2;
				MTL_ENABLE_DEBUG_INFO = NO;
				MTL_FAST_MATH = YES;
				SDKROOT = iphoneos;
				SWIFT_COMPILATION_MODE = wholemodule;
				SWIFT_OPTIMIZATION_LEVEL = "-O";
				VALIDATE_PRODUCT = YES;
			};
			name = Release;
		};
		D72D05CB24C3723C00A8B3D6 /* Debug */ = {
			isa = XCBuildConfiguration;
			buildSettings = {
				ASSETCATALOG_COMPILER_APPICON_NAME = AppIcon;
				CODE_SIGN_STYLE = Automatic;
				INFOPLIST_FILE = "RECIPE-APP/Info.plist";
				LD_RUNPATH_SEARCH_PATHS = (
					"$(inherited)",
					"@executable_path/Frameworks",
				);
				PRODUCT_BUNDLE_IDENTIFIER = "georgiancollege.RECIPE-APP";
				PRODUCT_NAME = "$(TARGET_NAME)";
				SWIFT_VERSION = 5.0;
				TARGETED_DEVICE_FAMILY = "1,2";
			};
			name = Debug;
		};
		D72D05CC24C3723C00A8B3D6 /* Release */ = {
			isa = XCBuildConfiguration;
			buildSettings = {
				ASSETCATALOG_COMPILER_APPICON_NAME = AppIcon;
				CODE_SIGN_STYLE = Automatic;
				INFOPLIST_FILE = "RECIPE-APP/Info.plist";
				LD_RUNPATH_SEARCH_PATHS = (
					"$(inherited)",
					"@executable_path/Frameworks",
				);
				PRODUCT_BUNDLE_IDENTIFIER = "georgiancollege.RECIPE-APP";
				PRODUCT_NAME = "$(TARGET_NAME)";
				SWIFT_VERSION = 5.0;
				TARGETED_DEVICE_FAMILY = "1,2";
			};
			name = Release;
		};
/* End XCBuildConfiguration section */

/* Begin XCConfigurationList section */
		D72D05B124C3723B00A8B3D6 /* Build configuration list for PBXProject "RECIPE-APP" */ = {
			isa = XCConfigurationList;
			buildConfigurations = (
				D72D05C824C3723C00A8B3D6 /* Debug */,
				D72D05C924C3723C00A8B3D6 /* Release */,
			);
			defaultConfigurationIsVisible = 0;
			defaultConfigurationName = Release;
		};
		D72D05CA24C3723C00A8B3D6 /* Build configuration list for PBXNativeTarget "RECIPE-APP" */ = {
			isa = XCConfigurationList;
			buildConfigurations = (
				D72D05CB24C3723C00A8B3D6 /* Debug */,
				D72D05CC24C3723C00A8B3D6 /* Release */,
			);
			defaultConfigurationIsVisible = 0;
			defaultConfigurationName = Release;
		};
/* End XCConfigurationList section */
	};
	rootObject = D72D05AE24C3723B00A8B3D6 /* Project object */;
}
